<?xml version="1.0" encoding="utf-8"?>
<Project ToolsVersion="4.0" xmlns="http://schemas.microsoft.com/developer/msbuild/2003">
  <ItemGroup>
    <Filter Include="Header Files">
      <UniqueIdentifier>{93995380-89BD-4b04-88EB-625FBE52EBFB}</UniqueIdentifier>
      <Extensions>h;hh;hpp;hxx;h++;hm;inl;inc;ipp;xsd</Extensions>
    </Filter>
    <Filter Include="Resource Files">
      <UniqueIdentifier>{67DA6AB6-F800-4c08-8B7A-83BB121AAD01}</UniqueIdentifier>
      <Extensions>rc;ico;cur;bmp;dlg;rc2;rct;bin;rgs;gif;jpg;jpeg;jpe;resx;tiff;tif;png;wav;mfcribbon-ms</Extensions>
    </Filter>
    <Filter Include="Assets">
      <UniqueIdentifier>{88e9cf19-0c9a-4d5d-b6f0-5e5b4b3b8b35}</UniqueIdentifier>
    </Filter>
    <Filter Include="Assets\Icons">
      <UniqueIdentifier>{39a65ab9-9081-4878-95cc-d3e29550c31f}</UniqueIdentifier>
    </Filter>
    <Filter Include="Core">
      <UniqueIdentifier>{fc33a602-c9c1-4765-9a92-f64d8898a71f}</UniqueIdentifier>
    </Filter>
    <Filter Include="Subsystems">
      <UniqueIdentifier>{712a5110-9d36-464b-b062-f6500cd87fd6}</UniqueIdentifier>
    </Filter>
    <Filter Include="Subsystems\Interface">
      <UniqueIdentifier>{ed525f60-d805-4c11-8946-20c73eb6a8c8}</UniqueIdentifier>
    </Filter>
    <Filter Include="Subsystems\Graphics">
      <UniqueIdentifier>{816b475d-ea76-4e30-8734-d84a5439c81f}</UniqueIdentifier>
    </Filter>
    <Filter Include="Subsystems\Input">
      <UniqueIdentifier>{3715668b-2a35-44fa-9816-f9baad57cc15}</UniqueIdentifier>
    </Filter>
    <Filter Include="Subsystems\Windowing">
      <UniqueIdentifier>{9e3b8202-8f8a-46f5-bdd9-c0b0099040dc}</UniqueIdentifier>
    </Filter>
    <Filter Include="Subsystems\Interface\AppSwitcher">
      <UniqueIdentifier>{003aa79d-1ee6-4b97-a788-ea5aa04008c2}</UniqueIdentifier>
    </Filter>
    <Filter Include="Subsystems\Interface\Taskbar">
      <UniqueIdentifier>{ec301ac3-6414-406d-ab8b-83360403efbf}</UniqueIdentifier>
    </Filter>
    <Filter Include="Subsystems\Interface\Topbar">
      <UniqueIdentifier>{b524fe2a-46a9-457d-992b-b63072594d6d}</UniqueIdentifier>
    </Filter>
  </ItemGroup>
  <ItemGroup>
    <ClInclude Include="framework.h">
      <Filter>Header Files</Filter>
    </ClInclude>
    <ClInclude Include="targetver.h">
      <Filter>Header Files</Filter>
    </ClInclude>
    <ClInclude Include="Resource.h">
      <Filter>Header Files</Filter>
    </ClInclude>
    <ClInclude Include="Core\Serenity.h">
      <Filter>Core</Filter>
    </ClInclude>
    <ClInclude Include="Core\SettingsManager.h">
      <Filter>Core</Filter>
    </ClInclude>
    <ClInclude Include="Subsystems\Interface\AppSwitcher\AppSwitcher.h">
      <Filter>Subsystems\Interface\AppSwitcher</Filter>
    </ClInclude>
    <ClInclude Include="Subsystems\Input\InputHandler.h">
      <Filter>Subsystems\Input</Filter>
    </ClInclude>
    <ClInclude Include="Subsystems\Windowing\OverlayEngine.h">
      <Filter>Subsystems\Windowing</Filter>
    </ClInclude>
    <ClInclude Include="Subsystems\Interface\AppSwitcher\Logic.h">
      <Filter>Subsystems\Interface\AppSwitcher</Filter>
    </ClInclude>
    <ClInclude Include="Subsystems\Interface\AppSwitcher\Render.h">
      <Filter>Subsystems\Interface\AppSwitcher</Filter>
    </ClInclude>
    <ClInclude Include="Subsystems\Interface\AppSwitcher\State.h">
      <Filter>Subsystems\Interface\AppSwitcher</Filter>
    </ClInclude>
    <ClInclude Include="Subsystems\Graphics\GraphicsEngine.h">
      <Filter>Header Files</Filter>
    </ClInclude>
    <ClInclude Include="Subsystems\Interface\Taskbar\Taskbar.h">
      <Filter>Subsystems\Interface\Taskbar</Filter>
    </ClInclude>
    <ClInclude Include="Subsystems\Interface\Topbar\topbar.h">
      <Filter>Subsystems\Interface\Topbar</Filter>
    </ClInclude>
  </ItemGroup>
  <ItemGroup>
    <ResourceCompile Include="Serenity.rc">
      <Filter>Resource Files</Filter>
    </ResourceCompile>
  </ItemGroup>
  <ItemGroup>
    <Text Include="Assets\test.txt">
      <Filter>Assets</Filter>
    </Text>
  </ItemGroup>
  <ItemGroup>
    <Image Include="Assets\Icons\serenity.ico">
      <Filter>Assets\Icons</Filter>
    </Image>
  </ItemGroup>
  <ItemGroup>
    <ClCompile Include="Core\Serenity.cpp">
      <Filter>Core</Filter>
    </ClCompile>
    <ClCompile Include="Core\SettingsManager.cpp">
      <Filter>Core</Filter>
    </ClCompile>
    <ClCompile Include="Subsystems\Interface\AppSwitcher\AppSwitcher.cpp">
      <Filter>Subsystems\Interface\AppSwitcher</Filter>
    </ClCompile>
    <ClCompile Include="Subsystems\Input\InputHandler.cpp">
      <Filter>Subsystems\Input</Filter>
    </ClCompile>
    <ClCompile Include="Subsystems\Windowing\OverlayEngine.cpp">
      <Filter>Subsystems\Windowing</Filter>
    </ClCompile>
    <ClCompile Include="Subsystems\Interface\AppSwitcher\Logic.cpp">
      <Filter>Subsystems\Interface\AppSwitcher</Filter>
    </ClCompile>
    <ClCompile Include="Subsystems\Interface\AppSwitcher\Render.cpp">
      <Filter>Subsystems\Interface\AppSwitcher</Filter>
    </ClCompile>
    <ClCompile Include="Subsystems\Interface\AppSwitcher\State.cpp">
      <Filter>Subsystems\Interface\AppSwitcher</Filter>
    </ClCompile>
    <ClCompile Include="Subsystems\Graphics\GraphicsEngine.cpp" />
    <ClCompile Include="Subsystems\Interface\Taskbar\Taskbar.cpp">
      <Filter>Subsystems\Interface\Taskbar</Filter>
    </ClCompile>
    <ClCompile Include="Subsystems\Interface\Topbar\topbar.cpp">
      <Filter>Subsystems\Interface\Topbar</Filter>
    </ClCompile>
  </ItemGroup>
  <ItemGroup>
    <None Include="Core\Settings.ini">
      <Filter>Core</Filter>
    </None>
  </ItemGroup>
</Project>